// !$*UTF8*$!
{
	archiveVersion = 1;
	classes = {
	};
	objectVersion = 46;
	objects = {

/* Begin PBXBuildFile section */
		18B76DB71DD995FC0041ECE6 /* main.m in Sources */ = {isa = PBXBuildFile; fileRef = 18B76DB61DD995FC0041ECE6 /* main.m */; };
		18B76DC21DD995FC0041ECE6 /* Assets.xcassets in Resources */ = {isa = PBXBuildFile; fileRef = 18B76DC11DD995FC0041ECE6 /* Assets.xcassets */; };
		18B76DC51DD995FC0041ECE6 /* LaunchScreen.storyboard in Resources */ = {isa = PBXBuildFile; fileRef = 18B76DC31DD995FC0041ECE6 /* LaunchScreen.storyboard */; };
		18C387641DDAC6040097190F /* XYMenuView.m in Sources */ = {isa = PBXBuildFile; fileRef = 18C387631DDAC6040097190F /* XYMenuView.m */; };
		18C387671DDAC6150097190F /* UIButton+ClickBlock.m in Sources */ = {isa = PBXBuildFile; fileRef = 18C387661DDAC6150097190F /* UIButton+ClickBlock.m */; };
		18C387F91DDB716A0097190F /* UICollectionView+RollView.m in Sources */ = {isa = PBXBuildFile; fileRef = 18C387F31DDB716A0097190F /* UICollectionView+RollView.m */; };
		18C387FA1DDB716A0097190F /* UITableView+RollView.m in Sources */ = {isa = PBXBuildFile; fileRef = 18C387F51DDB716A0097190F /* UITableView+RollView.m */; };
		18C387FB1DDB716A0097190F /* UIView+RollView.m in Sources */ = {isa = PBXBuildFile; fileRef = 18C387F71DDB716A0097190F /* UIView+RollView.m */; };
		18C387FF1DDB72A60097190F /* XYPlanItem.m in Sources */ = {isa = PBXBuildFile; fileRef = 18C387FE1DDB72A60097190F /* XYPlanItem.m */; };
		18C388011DDB72D20097190F /* XYCollectionViewCell.xib in Resources */ = {isa = PBXBuildFile; fileRef = 18C388001DDB72D20097190F /* XYCollectionViewCell.xib */; };
		18C388041DDB733D0097190F /* XYCollectionViewCell.m in Sources */ = {isa = PBXBuildFile; fileRef = 18C388031DDB733D0097190F /* XYCollectionViewCell.m */; };
		18C388061DDB74660097190F /* planGroup.plist in Resources */ = {isa = PBXBuildFile; fileRef = 18C388051DDB74660097190F /* planGroup.plist */; };
		18C388081DDB75A70097190F /* plans.plist in Resources */ = {isa = PBXBuildFile; fileRef = 18C388071DDB75A70097190F /* plans.plist */; };
		18FC6CAF1DD9CAE000B6E4D2 /* XYCreateVideoController.m in Sources */ = {isa = PBXBuildFile; fileRef = 18FC6C971DD9CAE000B6E4D2 /* XYCreateVideoController.m */; };
		18FC6CB01DD9CAE000B6E4D2 /* XYCreateVideoView.m in Sources */ = {isa = PBXBuildFile; fileRef = 18FC6C991DD9CAE000B6E4D2 /* XYCreateVideoView.m */; };
		18FC6CB11DD9CAE000B6E4D2 /* XYCutVideoController.m in Sources */ = {isa = PBXBuildFile; fileRef = 18FC6C9C1DD9CAE000B6E4D2 /* XYCutVideoController.m */; };
		18FC6CB21DD9CAE000B6E4D2 /* AppDelegate.m in Sources */ = {isa = PBXBuildFile; fileRef = 18FC6C9F1DD9CAE000B6E4D2 /* AppDelegate.m */; };
		18FC6CB31DD9CAE000B6E4D2 /* XYTabBarController.m in Sources */ = {isa = PBXBuildFile; fileRef = 18FC6CA11DD9CAE000B6E4D2 /* XYTabBarController.m */; };
		18FC6CB41DD9CAE000B6E4D2 /* XYMyMovieViewController.m in Sources */ = {isa = PBXBuildFile; fileRef = 18FC6CA41DD9CAE000B6E4D2 /* XYMyMovieViewController.m */; };
		18FC6CB51DD9CAE000B6E4D2 /* UIImage+Image.m in Sources */ = {isa = PBXBuildFile; fileRef = 18FC6CA81DD9CAE000B6E4D2 /* UIImage+Image.m */; };
		18FC6CB61DD9CAE000B6E4D2 /* XYConst.m in Sources */ = {isa = PBXBuildFile; fileRef = 18FC6CAB1DD9CAE000B6E4D2 /* XYConst.m */; };
		18FC6CB91DD9CFB900B6E4D2 /* XYNavigationController.m in Sources */ = {isa = PBXBuildFile; fileRef = 18FC6CB81DD9CFB900B6E4D2 /* XYNavigationController.m */; };
		18FC6CBC1DD9DFB500B6E4D2 /* XYGradientView.m in Sources */ = {isa = PBXBuildFile; fileRef = 18FC6CBB1DD9DFB500B6E4D2 /* XYGradientView.m */; };
		18FC6CC71DD9F2CD00B6E4D2 /* ICGRulerView.m in Sources */ = {isa = PBXBuildFile; fileRef = 18FC6CC11DD9F2CD00B6E4D2 /* ICGRulerView.m */; };
		18FC6CC81DD9F2CD00B6E4D2 /* ICGThumbView.m in Sources */ = {isa = PBXBuildFile; fileRef = 18FC6CC31DD9F2CD00B6E4D2 /* ICGThumbView.m */; };
		18FC6CC91DD9F2CD00B6E4D2 /* ICGVideoTrimmerView.m in Sources */ = {isa = PBXBuildFile; fileRef = 18FC6CC61DD9F2CD00B6E4D2 /* ICGVideoTrimmerView.m */; };
		18FC6CCC1DD9F41E00B6E4D2 /* XYVideoPlayerView.m in Sources */ = {isa = PBXBuildFile; fileRef = 18FC6CCB1DD9F41E00B6E4D2 /* XYVideoPlayerView.m */; };
		D0AF6B67216094F700E9DC83 /* XYCutVideoView.m in Sources */ = {isa = PBXBuildFile; fileRef = 18FC6CBE1DD9EB9E00B6E4D2 /* XYCutVideoView.m */; };
/* End PBXBuildFile section */

/* Begin PBXFileReference section */
		18B76DB21DD995FC0041ECE6 /* XYVideoCut.app */ = {isa = PBXFileReference; explicitFileType = wrapper.application; includeInIndex = 0; path = XYVideoCut.app; sourceTree = BUILT_PRODUCTS_DIR; };
		18B76DB61DD995FC0041ECE6 /* main.m */ = {isa = PBXFileReference; lastKnownFileType = sourcecode.c.objc; path = main.m; sourceTree = "<group>"; };
		18B76DC11DD995FC0041ECE6 /* Assets.xcassets */ = {isa = PBXFileReference; lastKnownFileType = folder.assetcatalog; name = Assets.xcassets; path = ../../Assets.xcassets; sourceTree = "<group>"; };
		18B76DC41DD995FC0041ECE6 /* Base */ = {isa = PBXFileReference; lastKnownFileType = file.storyboard; name = Base; path = Base.lproj/LaunchScreen.storyboard; sourceTree = "<group>"; };
		18B76DC61DD995FC0041ECE6 /* Info.plist */ = {isa = PBXFileReference; lastKnownFileType = text.plist.xml; name = Info.plist; path = ../../Info.plist; sourceTree = "<group>"; };
		18C387621DDAC6040097190F /* XYMenuView.h */ = {isa = PBXFileReference; fileEncoding = 4; lastKnownFileType = sourcecode.c.h; path = XYMenuView.h; sourceTree = "<group>"; };
		18C387631DDAC6040097190F /* XYMenuView.m */ = {isa = PBXFileReference; fileEncoding = 4; lastKnownFileType = sourcecode.c.objc; path = XYMenuView.m; sourceTree = "<group>"; };
		18C387651DDAC6150097190F /* UIButton+ClickBlock.h */ = {isa = PBXFileReference; fileEncoding = 4; lastKnownFileType = sourcecode.c.h; path = "UIButton+ClickBlock.h"; sourceTree = "<group>"; };
		18C387661DDAC6150097190F /* UIButton+ClickBlock.m */ = {isa = PBXFileReference; fileEncoding = 4; lastKnownFileType = sourcecode.c.objc; path = "UIButton+ClickBlock.m"; sourceTree = "<group>"; };
		18C387F21DDB716A0097190F /* UICollectionView+RollView.h */ = {isa = PBXFileReference; fileEncoding = 4; lastKnownFileType = sourcecode.c.h; path = "UICollectionView+RollView.h"; sourceTree = "<group>"; };
		18C387F31DDB716A0097190F /* UICollectionView+RollView.m */ = {isa = PBXFileReference; fileEncoding = 4; lastKnownFileType = sourcecode.c.objc; path = "UICollectionView+RollView.m"; sourceTree = "<group>"; };
		18C387F41DDB716A0097190F /* UITableView+RollView.h */ = {isa = PBXFileReference; fileEncoding = 4; lastKnownFileType = sourcecode.c.h; path = "UITableView+RollView.h"; sourceTree = "<group>"; };
		18C387F51DDB716A0097190F /* UITableView+RollView.m */ = {isa = PBXFileReference; fileEncoding = 4; lastKnownFileType = sourcecode.c.objc; path = "UITableView+RollView.m"; sourceTree = "<group>"; };
		18C387F61DDB716A0097190F /* UIView+RollView.h */ = {isa = PBXFileReference; fileEncoding = 4; lastKnownFileType = sourcecode.c.h; path = "UIView+RollView.h"; sourceTree = "<group>"; };
		18C387F71DDB716A0097190F /* UIView+RollView.m */ = {isa = PBXFileReference; fileEncoding = 4; lastKnownFileType = sourcecode.c.objc; path = "UIView+RollView.m"; sourceTree = "<group>"; };
		18C387F81DDB716A0097190F /* XYRearrangeView.h */ = {isa = PBXFileReference; fileEncoding = 4; lastKnownFileType = sourcecode.c.h; path = XYRearrangeView.h; sourceTree = "<group>"; };
		18C387FD1DDB72A60097190F /* XYPlanItem.h */ = {isa = PBXFileReference; fileEncoding = 4; lastKnownFileType = sourcecode.c.h; path = XYPlanItem.h; sourceTree = "<group>"; };
		18C387FE1DDB72A60097190F /* XYPlanItem.m */ = {isa = PBXFileReference; fileEncoding = 4; lastKnownFileType = sourcecode.c.objc; path = XYPlanItem.m; sourceTree = "<group>"; };
		18C388001DDB72D20097190F /* XYCollectionViewCell.xib */ = {isa = PBXFileReference; fileEncoding = 4; lastKnownFileType = file.xib; path = XYCollectionViewCell.xib; sourceTree = "<group>"; };
		18C388021DDB733D0097190F /* XYCollectionViewCell.h */ = {isa = PBXFileReference; fileEncoding = 4; lastKnownFileType = sourcecode.c.h; path = XYCollectionViewCell.h; sourceTree = "<group>"; };
		18C388031DDB733D0097190F /* XYCollectionViewCell.m */ = {isa = PBXFileReference; fileEncoding = 4; lastKnownFileType = sourcecode.c.objc; path = XYCollectionViewCell.m; sourceTree = "<group>"; };
		18C388051DDB74660097190F /* planGroup.plist */ = {isa = PBXFileReference; fileEncoding = 4; lastKnownFileType = text.plist.xml; path = planGroup.plist; sourceTree = "<group>"; };
		18C388071DDB75A70097190F /* plans.plist */ = {isa = PBXFileReference; fileEncoding = 4; lastKnownFileType = text.plist.xml; path = plans.plist; sourceTree = "<group>"; };
		18FC6C961DD9CAE000B6E4D2 /* XYCreateVideoController.h */ = {isa = PBXFileReference; fileEncoding = 4; lastKnownFileType = sourcecode.c.h; path = XYCreateVideoController.h; sourceTree = "<group>"; };
		18FC6C971DD9CAE000B6E4D2 /* XYCreateVideoController.m */ = {isa = PBXFileReference; fileEncoding = 4; lastKnownFileType = sourcecode.c.objc; path = XYCreateVideoController.m; sourceTree = "<group>"; };
		18FC6C981DD9CAE000B6E4D2 /* XYCreateVideoView.h */ = {isa = PBXFileReference; fileEncoding = 4; lastKnownFileType = sourcecode.c.h; path = XYCreateVideoView.h; sourceTree = "<group>"; };
		18FC6C991DD9CAE000B6E4D2 /* XYCreateVideoView.m */ = {isa = PBXFileReference; fileEncoding = 4; lastKnownFileType = sourcecode.c.objc; path = XYCreateVideoView.m; sourceTree = "<group>"; };
		18FC6C9B1DD9CAE000B6E4D2 /* XYCutVideoController.h */ = {isa = PBXFileReference; fileEncoding = 4; lastKnownFileType = sourcecode.c.h; path = XYCutVideoController.h; sourceTree = "<group>"; };
		18FC6C9C1DD9CAE000B6E4D2 /* XYCutVideoController.m */ = {isa = PBXFileReference; fileEncoding = 4; lastKnownFileType = sourcecode.c.objc; path = XYCutVideoController.m; sourceTree = "<group>"; };
		18FC6C9E1DD9CAE000B6E4D2 /* AppDelegate.h */ = {isa = PBXFileReference; fileEncoding = 4; lastKnownFileType = sourcecode.c.h; path = AppDelegate.h; sourceTree = "<group>"; };
		18FC6C9F1DD9CAE000B6E4D2 /* AppDelegate.m */ = {isa = PBXFileReference; fileEncoding = 4; lastKnownFileType = sourcecode.c.objc; path = AppDelegate.m; sourceTree = "<group>"; };
		18FC6CA01DD9CAE000B6E4D2 /* XYTabBarController.h */ = {isa = PBXFileReference; fileEncoding = 4; lastKnownFileType = sourcecode.c.h; path = XYTabBarController.h; sourceTree = "<group>"; };
		18FC6CA11DD9CAE000B6E4D2 /* XYTabBarController.m */ = {isa = PBXFileReference; fileEncoding = 4; lastKnownFileType = sourcecode.c.objc; path = XYTabBarController.m; sourceTree = "<group>"; };
		18FC6CA31DD9CAE000B6E4D2 /* XYMyMovieViewController.h */ = {isa = PBXFileReference; fileEncoding = 4; lastKnownFileType = sourcecode.c.h; path = XYMyMovieViewController.h; sourceTree = "<group>"; };
		18FC6CA41DD9CAE000B6E4D2 /* XYMyMovieViewController.m */ = {isa = PBXFileReference; fileEncoding = 4; lastKnownFileType = sourcecode.c.objc; path = XYMyMovieViewController.m; sourceTree = "<group>"; };
		18FC6CA71DD9CAE000B6E4D2 /* UIImage+Image.h */ = {isa = PBXFileReference; fileEncoding = 4; lastKnownFileType = sourcecode.c.h; path = "UIImage+Image.h"; sourceTree = "<group>"; };
		18FC6CA81DD9CAE000B6E4D2 /* UIImage+Image.m */ = {isa = PBXFileReference; fileEncoding = 4; lastKnownFileType = sourcecode.c.objc; path = "UIImage+Image.m"; sourceTree = "<group>"; };
		18FC6CAA1DD9CAE000B6E4D2 /* XYConst.h */ = {isa = PBXFileReference; fileEncoding = 4; lastKnownFileType = sourcecode.c.h; path = XYConst.h; sourceTree = "<group>"; };
		18FC6CAB1DD9CAE000B6E4D2 /* XYConst.m */ = {isa = PBXFileReference; fileEncoding = 4; lastKnownFileType = sourcecode.c.objc; path = XYConst.m; sourceTree = "<group>"; };
		18FC6CAD1DD9CAE000B6E4D2 /* XYVideoCut.pch */ = {isa = PBXFileReference; fileEncoding = 4; lastKnownFileType = sourcecode.c.h; path = XYVideoCut.pch; sourceTree = "<group>"; };
		18FC6CB71DD9CFB900B6E4D2 /* XYNavigationController.h */ = {isa = PBXFileReference; fileEncoding = 4; lastKnownFileType = sourcecode.c.h; path = XYNavigationController.h; sourceTree = "<group>"; };
		18FC6CB81DD9CFB900B6E4D2 /* XYNavigationController.m */ = {isa = PBXFileReference; fileEncoding = 4; lastKnownFileType = sourcecode.c.objc; path = XYNavigationController.m; sourceTree = "<group>"; };
		18FC6CBA1DD9DFB500B6E4D2 /* XYGradientView.h */ = {isa = PBXFileReference; fileEncoding = 4; lastKnownFileType = sourcecode.c.h; path = XYGradientView.h; sourceTree = "<group>"; };
		18FC6CBB1DD9DFB500B6E4D2 /* XYGradientView.m */ = {isa = PBXFileReference; fileEncoding = 4; lastKnownFileType = sourcecode.c.objc; path = XYGradientView.m; sourceTree = "<group>"; };
		18FC6CBD1DD9EB9E00B6E4D2 /* XYCutVideoView.h */ = {isa = PBXFileReference; fileEncoding = 4; lastKnownFileType = sourcecode.c.h; path = XYCutVideoView.h; sourceTree = "<group>"; };
		18FC6CBE1DD9EB9E00B6E4D2 /* XYCutVideoView.m */ = {isa = PBXFileReference; fileEncoding = 4; lastKnownFileType = sourcecode.c.objc; path = XYCutVideoView.m; sourceTree = "<group>"; };
		18FC6CC01DD9F2CD00B6E4D2 /* ICGRulerView.h */ = {isa = PBXFileReference; fileEncoding = 4; lastKnownFileType = sourcecode.c.h; path = ICGRulerView.h; sourceTree = "<group>"; };
		18FC6CC11DD9F2CD00B6E4D2 /* ICGRulerView.m */ = {isa = PBXFileReference; fileEncoding = 4; lastKnownFileType = sourcecode.c.objc; path = ICGRulerView.m; sourceTree = "<group>"; };
		18FC6CC21DD9F2CD00B6E4D2 /* ICGThumbView.h */ = {isa = PBXFileReference; fileEncoding = 4; lastKnownFileType = sourcecode.c.h; path = ICGThumbView.h; sourceTree = "<group>"; };
		18FC6CC31DD9F2CD00B6E4D2 /* ICGThumbView.m */ = {isa = PBXFileReference; fileEncoding = 4; lastKnownFileType = sourcecode.c.objc; path = ICGThumbView.m; sourceTree = "<group>"; };
		18FC6CC41DD9F2CD00B6E4D2 /* ICGVideoTrimmer.h */ = {isa = PBXFileReference; fileEncoding = 4; lastKnownFileType = sourcecode.c.h; path = ICGVideoTrimmer.h; sourceTree = "<group>"; };
		18FC6CC51DD9F2CD00B6E4D2 /* ICGVideoTrimmerView.h */ = {isa = PBXFileReference; fileEncoding = 4; lastKnownFileType = sourcecode.c.h; path = ICGVideoTrimmerView.h; sourceTree = "<group>"; };
		18FC6CC61DD9F2CD00B6E4D2 /* ICGVideoTrimmerView.m */ = {isa = PBXFileReference; fileEncoding = 4; lastKnownFileType = sourcecode.c.objc; path = ICGVideoTrimmerView.m; sourceTree = "<group>"; };
		18FC6CCA1DD9F41E00B6E4D2 /* XYVideoPlayerView.h */ = {isa = PBXFileReference; fileEncoding = 4; lastKnownFileType = sourcecode.c.h; path = XYVideoPlayerView.h; sourceTree = "<group>"; };
		18FC6CCB1DD9F41E00B6E4D2 /* XYVideoPlayerView.m */ = {isa = PBXFileReference; fileEncoding = 4; lastKnownFileType = sourcecode.c.objc; path = XYVideoPlayerView.m; sourceTree = "<group>"; };
/* End PBXFileReference section */

/* Begin PBXFrameworksBuildPhase section */
		18B76DAF1DD995FC0041ECE6 /* Frameworks */ = {
			isa = PBXFrameworksBuildPhase;
			buildActionMask = 2147483647;
			files = (
			);
			runOnlyForDeploymentPostprocessing = 0;
		};
/* End PBXFrameworksBuildPhase section */

/* Begin PBXGroup section */
		18B76DA91DD995FC0041ECE6 = {
			isa = PBXGroup;
			children = (
				18B76DB41DD995FC0041ECE6 /* XYVideoCut */,
				18B76DB31DD995FC0041ECE6 /* Products */,
			);
			sourceTree = "<group>";
		};
		18B76DB31DD995FC0041ECE6 /* Products */ = {
			isa = PBXGroup;
			children = (
				18B76DB21DD995FC0041ECE6 /* XYVideoCut.app */,
			);
			name = Products;
			sourceTree = "<group>";
		};
		18B76DB41DD995FC0041ECE6 /* XYVideoCut */ = {
			isa = PBXGroup;
			children = (
				18FC6C931DD9CAE000B6E4D2 /* XYVideoCut */,
				18B76DB51DD995FC0041ECE6 /* Supporting Files */,
			);
			path = XYVideoCut;
			sourceTree = "<group>";
		};
		18B76DB51DD995FC0041ECE6 /* Supporting Files */ = {
			isa = PBXGroup;
			children = (
				18B76DB61DD995FC0041ECE6 /* main.m */,
			);
			name = "Supporting Files";
			sourceTree = "<group>";
		};
		18C387F11DDB716A0097190F /* XYRearrangeView */ = {
			isa = PBXGroup;
			children = (
				18C387F21DDB716A0097190F /* UICollectionView+RollView.h */,
				18C387F31DDB716A0097190F /* UICollectionView+RollView.m */,
				18C387F41DDB716A0097190F /* UITableView+RollView.h */,
				18C387F51DDB716A0097190F /* UITableView+RollView.m */,
				18C387F61DDB716A0097190F /* UIView+RollView.h */,
				18C387F71DDB716A0097190F /* UIView+RollView.m */,
				18C387F81DDB716A0097190F /* XYRearrangeView.h */,
			);
			path = XYRearrangeView;
			sourceTree = "<group>";
		};
		18C387FC1DDB72A60097190F /* Model */ = {
			isa = PBXGroup;
			children = (
				18C387FD1DDB72A60097190F /* XYPlanItem.h */,
				18C387FE1DDB72A60097190F /* XYPlanItem.m */,
			);
			path = Model;
			sourceTree = "<group>";
		};
		18FC6C931DD9CAE000B6E4D2 /* XYVideoCut */ = {
			isa = PBXGroup;
			children = (
				18FC6C941DD9CAE000B6E4D2 /* Classes */,
				18FC6CAE1DD9CAE000B6E4D2 /* Source */,
			);
			path = XYVideoCut;
			sourceTree = "<group>";
		};
		18FC6C941DD9CAE000B6E4D2 /* Classes */ = {
			isa = PBXGroup;
			children = (
				18FC6CA21DD9CAE000B6E4D2 /* MyMovie */,
				18FC6C951DD9CAE000B6E4D2 /* Create */,
				18FC6C9A1DD9CAE000B6E4D2 /* Cut */,
				18FC6C9D1DD9CAE000B6E4D2 /* Main */,
				18FC6CA51DD9CAE000B6E4D2 /* Other */,
			);
			path = Classes;
			sourceTree = "<group>";
		};
		18FC6C951DD9CAE000B6E4D2 /* Create */ = {
			isa = PBXGroup;
			children = (
				18FC6C961DD9CAE000B6E4D2 /* XYCreateVideoController.h */,
				18FC6C971DD9CAE000B6E4D2 /* XYCreateVideoController.m */,
				18FC6C981DD9CAE000B6E4D2 /* XYCreateVideoView.h */,
				18FC6C991DD9CAE000B6E4D2 /* XYCreateVideoView.m */,
			);
			path = Create;
			sourceTree = "<group>";
		};
		18FC6C9A1DD9CAE000B6E4D2 /* Cut */ = {
			isa = PBXGroup;
			children = (
				18FC6C9B1DD9CAE000B6E4D2 /* XYCutVideoController.h */,
				18FC6C9C1DD9CAE000B6E4D2 /* XYCutVideoController.m */,
				18FC6CBD1DD9EB9E00B6E4D2 /* XYCutVideoView.h */,
				18FC6CBE1DD9EB9E00B6E4D2 /* XYCutVideoView.m */,
				18FC6CCA1DD9F41E00B6E4D2 /* XYVideoPlayerView.h */,
				18FC6CCB1DD9F41E00B6E4D2 /* XYVideoPlayerView.m */,
				18C387621DDAC6040097190F /* XYMenuView.h */,
				18C387631DDAC6040097190F /* XYMenuView.m */,
			);
			path = Cut;
			sourceTree = "<group>";
		};
		18FC6C9D1DD9CAE000B6E4D2 /* Main */ = {
			isa = PBXGroup;
			children = (
				18FC6C9E1DD9CAE000B6E4D2 /* AppDelegate.h */,
				18FC6C9F1DD9CAE000B6E4D2 /* AppDelegate.m */,
				18FC6CA01DD9CAE000B6E4D2 /* XYTabBarController.h */,
				18FC6CA11DD9CAE000B6E4D2 /* XYTabBarController.m */,
				18FC6CB71DD9CFB900B6E4D2 /* XYNavigationController.h */,
				18FC6CB81DD9CFB900B6E4D2 /* XYNavigationController.m */,
				18FC6CBA1DD9DFB500B6E4D2 /* XYGradientView.h */,
				18FC6CBB1DD9DFB500B6E4D2 /* XYGradientView.m */,
			);
			path = Main;
			sourceTree = "<group>";
		};
		18FC6CA21DD9CAE000B6E4D2 /* MyMovie */ = {
			isa = PBXGroup;
			children = (
				18FC6CA31DD9CAE000B6E4D2 /* XYMyMovieViewController.h */,
				18FC6CA41DD9CAE000B6E4D2 /* XYMyMovieViewController.m */,
				18C388001DDB72D20097190F /* XYCollectionViewCell.xib */,
				18C388021DDB733D0097190F /* XYCollectionViewCell.h */,
				18C388031DDB733D0097190F /* XYCollectionViewCell.m */,
				18C387FC1DDB72A60097190F /* Model */,
			);
			path = MyMovie;
			sourceTree = "<group>";
		};
		18FC6CA51DD9CAE000B6E4D2 /* Other */ = {
			isa = PBXGroup;
			children = (
				18C388051DDB74660097190F /* planGroup.plist */,
				18C388071DDB75A70097190F /* plans.plist */,
				18FC6CA61DD9CAE000B6E4D2 /* Category */,
				18FC6CA91DD9CAE000B6E4D2 /* Const */,
				18FC6CAC1DD9CAE000B6E4D2 /* Pch */,
				18B76DC61DD995FC0041ECE6 /* Info.plist */,
				18B76DC31DD995FC0041ECE6 /* LaunchScreen.storyboard */,
				18B76DC11DD995FC0041ECE6 /* Assets.xcassets */,
			);
			name = Other;
			path = ../Other;
			sourceTree = "<group>";
		};
		18FC6CA61DD9CAE000B6E4D2 /* Category */ = {
			isa = PBXGroup;
			children = (
				18FC6CA71DD9CAE000B6E4D2 /* UIImage+Image.h */,
				18FC6CA81DD9CAE000B6E4D2 /* UIImage+Image.m */,
				18C387651DDAC6150097190F /* UIButton+ClickBlock.h */,
				18C387661DDAC6150097190F /* UIButton+ClickBlock.m */,
				18C387F11DDB716A0097190F /* XYRearrangeView */,
			);
			path = Category;
			sourceTree = "<group>";
		};
		18FC6CA91DD9CAE000B6E4D2 /* Const */ = {
			isa = PBXGroup;
			children = (
				18FC6CAA1DD9CAE000B6E4D2 /* XYConst.h */,
				18FC6CAB1DD9CAE000B6E4D2 /* XYConst.m */,
			);
			path = Const;
			sourceTree = "<group>";
		};
		18FC6CAC1DD9CAE000B6E4D2 /* Pch */ = {
			isa = PBXGroup;
			children = (
				18FC6CAD1DD9CAE000B6E4D2 /* XYVideoCut.pch */,
			);
			path = Pch;
			sourceTree = "<group>";
		};
		18FC6CAE1DD9CAE000B6E4D2 /* Source */ = {
			isa = PBXGroup;
			children = (
				18FC6CC01DD9F2CD00B6E4D2 /* ICGRulerView.h */,
				18FC6CC11DD9F2CD00B6E4D2 /* ICGRulerView.m */,
				18FC6CC21DD9F2CD00B6E4D2 /* ICGThumbView.h */,
				18FC6CC31DD9F2CD00B6E4D2 /* ICGThumbView.m */,
				18FC6CC41DD9F2CD00B6E4D2 /* ICGVideoTrimmer.h */,
				18FC6CC51DD9F2CD00B6E4D2 /* ICGVideoTrimmerView.h */,
				18FC6CC61DD9F2CD00B6E4D2 /* ICGVideoTrimmerView.m */,
			);
			path = Source;
			sourceTree = "<group>";
		};
/* End PBXGroup section */

/* Begin PBXNativeTarget section */
		18B76DB11DD995FC0041ECE6 /* XYVideoCut */ = {
			isa = PBXNativeTarget;
			buildConfigurationList = 18B76DC91DD995FC0041ECE6 /* Build configuration list for PBXNativeTarget "XYVideoCut" */;
			buildPhases = (
				18B76DAE1DD995FC0041ECE6 /* Sources */,
				18B76DAF1DD995FC0041ECE6 /* Frameworks */,
				18B76DB01DD995FC0041ECE6 /* Resources */,
			);
			buildRules = (
			);
			dependencies = (
			);
			name = XYVideoCut;
			productName = XYVideoCut;
			productReference = 18B76DB21DD995FC0041ECE6 /* XYVideoCut.app */;
			productType = "com.apple.product-type.application";
		};
/* End PBXNativeTarget section */

/* Begin PBXProject section */
		18B76DAA1DD995FC0041ECE6 /* Project object */ = {
			isa = PBXProject;
			attributes = {
				CLASSPREFIX = XY;
				LastUpgradeCheck = 0810;
				ORGANIZATIONNAME = com.test.demo;
				TargetAttributes = {
					18B76DB11DD995FC0041ECE6 = {
						CreatedOnToolsVersion = 8.1;
						DevelopmentTeam = NKW67GFDHM;
						ProvisioningStyle = Automatic;
					};
				};
			};
			buildConfigurationList = 18B76DAD1DD995FC0041ECE6 /* Build configuration list for PBXProject "XYVideoCut" */;
			compatibilityVersion = "Xcode 3.2";
			developmentRegion = English;
			hasScannedForEncodings = 0;
			knownRegions = (
				en,
				Base,
			);
			mainGroup = 18B76DA91DD995FC0041ECE6;
			productRefGroup = 18B76DB31DD995FC0041ECE6 /* Products */;
			projectDirPath = "";
			projectRoot = "";
			targets = (
				18B76DB11DD995FC0041ECE6 /* XYVideoCut */,
			);
		};
/* End PBXProject section */

/* Begin PBXResourcesBuildPhase section */
		18B76DB01DD995FC0041ECE6 /* Resources */ = {
			isa = PBXResourcesBuildPhase;
			buildActionMask = 2147483647;
			files = (
				18C388081DDB75A70097190F /* plans.plist in Resources */,
				18B76DC51DD995FC0041ECE6 /* LaunchScreen.storyboard in Resources */,
				18C388061DDB74660097190F /* planGroup.plist in Resources */,
				18C388011DDB72D20097190F /* XYCollectionViewCell.xib in Resources */,
				18B76DC21DD995FC0041ECE6 /* Assets.xcassets in Resources */,
			);
			runOnlyForDeploymentPostprocessing = 0;
		};
/* End PBXResourcesBuildPhase section */

/* Begin PBXSourcesBuildPhase section */
		18B76DAE1DD995FC0041ECE6 /* Sources */ = {
			isa = PBXSourcesBuildPhase;
			buildActionMask = 2147483647;
			files = (
				18FC6CB91DD9CFB900B6E4D2 /* XYNavigationController.m in Sources */,
				18FC6CC81DD9F2CD00B6E4D2 /* ICGThumbView.m in Sources */,
				18FC6CB31DD9CAE000B6E4D2 /* XYTabBarController.m in Sources */,
				18FC6CB51DD9CAE000B6E4D2 /* UIImage+Image.m in Sources */,
				18FC6CC71DD9F2CD00B6E4D2 /* ICGRulerView.m in Sources */,
				D0AF6B67216094F700E9DC83 /* XYCutVideoView.m in Sources */,
				18FC6CAF1DD9CAE000B6E4D2 /* XYCreateVideoController.m in Sources */,
				18FC6CB11DD9CAE000B6E4D2 /* XYCutVideoController.m in Sources */,
				18C387F91DDB716A0097190F /* UICollectionView+RollView.m in Sources */,
				18C388041DDB733D0097190F /* XYCollectionViewCell.m in Sources */,
				18C387FB1DDB716A0097190F /* UIView+RollView.m in Sources */,
				18FC6CBC1DD9DFB500B6E4D2 /* XYGradientView.m in Sources */,
				18C387FF1DDB72A60097190F /* XYPlanItem.m in Sources */,
				18FC6CC91DD9F2CD00B6E4D2 /* ICGVideoTrimmerView.m in Sources */,
				18FC6CB01DD9CAE000B6E4D2 /* XYCreateVideoView.m in Sources */,
				18B76DB71DD995FC0041ECE6 /* main.m in Sources */,
				18FC6CB21DD9CAE000B6E4D2 /* AppDelegate.m in Sources */,
				18FC6CB61DD9CAE000B6E4D2 /* XYConst.m in Sources */,
				18C387671DDAC6150097190F /* UIButton+ClickBlock.m in Sources */,
				18FC6CCC1DD9F41E00B6E4D2 /* XYVideoPlayerView.m in Sources */,
				18C387FA1DDB716A0097190F /* UITableView+RollView.m in Sources */,
				18FC6CB41DD9CAE000B6E4D2 /* XYMyMovieViewController.m in Sources */,
				18C387641DDAC6040097190F /* XYMenuView.m in Sources */,
			);
			runOnlyForDeploymentPostprocessing = 0;
		};
/* End PBXSourcesBuildPhase section */

/* Begin PBXVariantGroup section */
		18B76DC31DD995FC0041ECE6 /* LaunchScreen.storyboard */ = {
			isa = PBXVariantGroup;
			children = (
				18B76DC41DD995FC0041ECE6 /* Base */,
			);
			name = LaunchScreen.storyboard;
			path = ../..;
			sourceTree = "<group>";
		};
/* End PBXVariantGroup section */

/* Begin XCBuildConfiguration section */
		18B76DC71DD995FC0041ECE6 /* Debug */ = {
			isa = XCBuildConfiguration;
			buildSettings = {
				ALWAYS_SEARCH_USER_PATHS = NO;
				CLANG_ANALYZER_NONNULL = YES;
				CLANG_CXX_LANGUAGE_STANDARD = "gnu++0x";
				CLANG_CXX_LIBRARY = "libc++";
				CLANG_ENABLE_MODULES = YES;
				CLANG_ENABLE_OBJC_ARC = YES;
				CLANG_WARN_BOOL_CONVERSION = YES;
				CLANG_WARN_CONSTANT_CONVERSION = YES;
				CLANG_WARN_DIRECT_OBJC_ISA_USAGE = YES_ERROR;
				CLANG_WARN_DOCUMENTATION_COMMENTS = YES;
				CLANG_WARN_EMPTY_BODY = YES;
				CLANG_WARN_ENUM_CONVERSION = YES;
				CLANG_WARN_INFINITE_RECURSION = YES;
				CLANG_WARN_INT_CONVERSION = YES;
				CLANG_WARN_OBJC_ROOT_CLASS = YES_ERROR;
				CLANG_WARN_SUSPICIOUS_MOVES = YES;
				CLANG_WARN_UNREACHABLE_CODE = YES;
				CLANG_WARN__DUPLICATE_METHOD_MATCH = YES;
				"CODE_SIGN_IDENTITY[sdk=iphoneos*]" = "iPhone Developer";
				COPY_PHASE_STRIP = NO;
				DEBUG_INFORMATION_FORMAT = dwarf;
				ENABLE_STRICT_OBJC_MSGSEND = YES;
				ENABLE_TESTABILITY = YES;
				GCC_C_LANGUAGE_STANDARD = gnu99;
				GCC_DYNAMIC_NO_PIC = NO;
				GCC_NO_COMMON_BLOCKS = YES;
				GCC_OPTIMIZATION_LEVEL = 0;
				GCC_PREPROCESSOR_DEFINITIONS = (
					"DEBUG=1",
					"$(inherited)",
				);
				GCC_WARN_64_TO_32_BIT_CONVERSION = YES;
				GCC_WARN_ABOUT_RETURN_TYPE = YES_ERROR;
				GCC_WARN_UNDECLARED_SELECTOR = YES;
				GCC_WARN_UNINITIALIZED_AUTOS = YES_AGGRESSIVE;
				GCC_WARN_UNUSED_FUNCTION = YES;
				GCC_WARN_UNUSED_VARIABLE = YES;
				IPHONEOS_DEPLOYMENT_TARGET = 10.1;
				MTL_ENABLE_DEBUG_INFO = YES;
				ONLY_ACTIVE_ARCH = YES;
				SDKROOT = iphoneos;
			};
			name = Debug;
		};
		18B76DC81DD995FC0041ECE6 /* Release */ = {
			isa = XCBuildConfiguration;
			buildSettings = {
				ALWAYS_SEARCH_USER_PATHS = NO;
				CLANG_ANALYZER_NONNULL = YES;
				CLANG_CXX_LANGUAGE_STANDARD = "gnu++0x";
				CLANG_CXX_LIBRARY = "libc++";
				CLANG_ENABLE_MODULES = YES;
				CLANG_ENABLE_OBJC_ARC = YES;
				CLANG_WARN_BOOL_CONVERSION = YES;
				CLANG_WARN_CONSTANT_CONVERSION = YES;
				CLANG_WARN_DIRECT_OBJC_ISA_USAGE = YES_ERROR;
				CLANG_WARN_DOCUMENTATION_COMMENTS = YES;
				CLANG_WARN_EMPTY_BODY = YES;
				CLANG_WARN_ENUM_CONVERSION = YES;
				CLANG_WARN_INFINITE_RECURSION = YES;
				CLANG_WARN_INT_CONVERSION = YES;
				CLANG_WARN_OBJC_ROOT_CLASS = YES_ERROR;
				CLANG_WARN_SUSPICIOUS_MOVES = YES;
				CLANG_WARN_UNREACHABLE_CODE = YES;
				CLANG_WARN__DUPLICATE_METHOD_MATCH = YES;
				"CODE_SIGN_IDENTITY[sdk=iphoneos*]" = "iPhone Developer";
				COPY_PHASE_STRIP = NO;
				DEBUG_INFORMATION_FORMAT = "dwarf-with-dsym";
				ENABLE_NS_ASSERTIONS = NO;
				ENABLE_STRICT_OBJC_MSGSEND = YES;
				GCC_C_LANGUAGE_STANDARD = gnu99;
				GCC_NO_COMMON_BLOCKS = YES;
				GCC_WARN_64_TO_32_BIT_CONVERSION = YES;
				GCC_WARN_ABOUT_RETURN_TYPE = YES_ERROR;
				GCC_WARN_UNDECLARED_SELECTOR = YES;
				GCC_WARN_UNINITIALIZED_AUTOS = YES_AGGRESSIVE;
				GCC_WARN_UNUSED_FUNCTION = YES;
				GCC_WARN_UNUSED_VARIABLE = YES;
				IPHONEOS_DEPLOYMENT_TARGET = 10.1;
				MTL_ENABLE_DEBUG_INFO = NO;
				SDKROOT = iphoneos;
				VALIDATE_PRODUCT = YES;
			};
			name = Release;
		};
		18B76DCA1DD995FC0041ECE6 /* Debug */ = {
			isa = XCBuildConfiguration;
			buildSettings = {
				ASSETCATALOG_COMPILER_APPICON_NAME = AppIcon;
				DEVELOPMENT_TEAM = NKW67GFDHM;
				GCC_PRECOMPILE_PREFIX_HEADER = YES;
				GCC_PREFIX_HEADER = XYVideoCut/XYVideoCut/Other/Pch/XYVideoCut.pch;
				INFOPLIST_FILE = XYVideoCut/Info.plist;
				IPHONEOS_DEPLOYMENT_TARGET = 8.0;
				LD_RUNPATH_SEARCH_PATHS = "$(inherited) @executable_path/Frameworks";
				PRODUCT_BUNDLE_IDENTIFIER = com.alpface.XYVideoCut;
				PRODUCT_NAME = "$(TARGET_NAME)";
			};
			name = Debug;
		};
		18B76DCB1DD995FC0041ECE6 /* Release */ = {
			isa = XCBuildConfiguration;
			buildSettings = {
				ASSETCATALOG_COMPILER_APPICON_NAME = AppIcon;
				DEVELOPMENT_TEAM = NKW67GFDHM;
				GCC_PRECOMPILE_PREFIX_HEADER = YES;
				GCC_PREFIX_HEADER = XYVideoCut/XYVideoCut/Other/Pch/XYVideoCut.pch;
				INFOPLIST_FILE = XYVideoCut/Info.plist;
				IPHONEOS_DEPLOYMENT_TARGET = 8.0;
				LD_RUNPATH_SEARCH_PATHS = "$(inherited) @executable_path/Frameworks";
				PRODUCT_BUNDLE_IDENTIFIER = com.alpface.XYVideoCut;
				PRODUCT_NAME = "$(TARGET_NAME)";
			};
			name = Release;
		};
/* End XCBuildConfiguration section */

/* Begin XCConfigurationList section */
		18B76DAD1DD995FC0041ECE6 /* Build configuration list for PBXProject "XYVideoCut" */ = {
			isa = XCConfigurationList;
			buildConfigurations = (
				18B76DC71DD995FC0041ECE6 /* Debug */,
				18B76DC81DD995FC0041ECE6 /* Release */,
			);
			defaultConfigurationIsVisible = 0;
			defaultConfigurationName = Release;
		};
		18B76DC91DD995FC0041ECE6 /* Build configuration list for PBXNativeTarget "XYVideoCut" */ = {
			isa = XCConfigurationList;
			buildConfigurations = (
				18B76DCA1DD995FC0041ECE6 /* Debug */,
				18B76DCB1DD995FC0041ECE6 /* Release */,
			);
			defaultConfigurationIsVisible = 0;
			defaultConfigurationName = Release;
		};
/* End XCConfigurationList section */
	};
	rootObject = 18B76DAA1DD995FC0041ECE6 /* Project object */;
}
